// !$*UTF8*$!
{
	archiveVersion = 1;
	classes = {
	};
	objectVersion = 56;
	objects = {

/* Begin PBXBuildFile section */
		964FA0E92A4E38B3008ADCD4 /* FourDinnerApp.swift in Sources */ = {isa = PBXBuildFile; fileRef = 964FA0E82A4E38B3008ADCD4 /* FourDinnerApp.swift */; };
		964FA0EB2A4E38B3008ADCD4 /* ContentView.swift in Sources */ = {isa = PBXBuildFile; fileRef = 964FA0EA2A4E38B3008ADCD4 /* ContentView.swift */; };
		964FA0ED2A4E38B3008ADCD4 /* Assets.xcassets in Resources */ = {isa = PBXBuildFile; fileRef = 964FA0EC2A4E38B3008ADCD4 /* Assets.xcassets */; };
		964FA0F02A4E38B3008ADCD4 /* Preview Assets.xcassets in Resources */ = {isa = PBXBuildFile; fileRef = 964FA0EF2A4E38B3008ADCD4 /* Preview Assets.xcassets */; };
		964FA0FA2A4E38B4008ADCD4 /* FourDinnerTests.swift in Sources */ = {isa = PBXBuildFile; fileRef = 964FA0F92A4E38B4008ADCD4 /* FourDinnerTests.swift */; };
		964FA1042A4E38B4008ADCD4 /* FourDinnerUITests.swift in Sources */ = {isa = PBXBuildFile; fileRef = 964FA1032A4E38B4008ADCD4 /* FourDinnerUITests.swift */; };
		964FA1062A4E38B4008ADCD4 /* FourDinnerUITestsLaunchTests.swift in Sources */ = {isa = PBXBuildFile; fileRef = 964FA1052A4E38B4008ADCD4 /* FourDinnerUITestsLaunchTests.swift */; };
/* End PBXBuildFile section */

/* Begin PBXContainerItemProxy section */
		964FA0F62A4E38B4008ADCD4 /* PBXContainerItemProxy */ = {
			isa = PBXContainerItemProxy;
			containerPortal = 964FA0DD2A4E38B3008ADCD4 /* Project object */;
			proxyType = 1;
			remoteGlobalIDString = 964FA0E42A4E38B3008ADCD4;
			remoteInfo = FourDinner;
		};
		964FA1002A4E38B4008ADCD4 /* PBXContainerItemProxy */ = {
			isa = PBXContainerItemProxy;
			containerPortal = 964FA0DD2A4E38B3008ADCD4 /* Project object */;
			proxyType = 1;
			remoteGlobalIDString = 964FA0E42A4E38B3008ADCD4;
			remoteInfo = FourDinner;
		};
/* End PBXContainerItemProxy section */

/* Begin PBXFileReference section */
		964FA0E52A4E38B3008ADCD4 /* FourDinner.app */ = {isa = PBXFileReference; explicitFileType = wrapper.application; includeInIndex = 0; path = FourDinner.app; sourceTree = BUILT_PRODUCTS_DIR; };
		964FA0E82A4E38B3008ADCD4 /* FourDinnerApp.swift */ = {isa = PBXFileReference; lastKnownFileType = sourcecode.swift; path = FourDinnerApp.swift; sourceTree = "<group>"; };
		964FA0EA2A4E38B3008ADCD4 /* ContentView.swift */ = {isa = PBXFileReference; lastKnownFileType = sourcecode.swift; path = ContentView.swift; sourceTree = "<group>"; };
		964FA0EC2A4E38B3008ADCD4 /* Assets.xcassets */ = {isa = PBXFileReference; lastKnownFileType = folder.assetcatalog; path = Assets.xcassets; sourceTree = "<group>"; };
		964FA0EF2A4E38B3008ADCD4 /* Preview Assets.xcassets */ = {isa = PBXFileReference; lastKnownFileType = folder.assetcatalog; path = "Preview Assets.xcassets"; sourceTree = "<group>"; };
		964FA0F52A4E38B4008ADCD4 /* FourDinnerTests.xctest */ = {isa = PBXFileReference; explicitFileType = wrapper.cfbundle; includeInIndex = 0; path = FourDinnerTests.xctest; sourceTree = BUILT_PRODUCTS_DIR; };
		964FA0F92A4E38B4008ADCD4 /* FourDinnerTests.swift */ = {isa = PBXFileReference; lastKnownFileType = sourcecode.swift; path = FourDinnerTests.swift; sourceTree = "<group>"; };
		964FA0FF2A4E38B4008ADCD4 /* FourDinnerUITests.xctest */ = {isa = PBXFileReference; explicitFileType = wrapper.cfbundle; includeInIndex = 0; path = FourDinnerUITests.xctest; sourceTree = BUILT_PRODUCTS_DIR; };
		964FA1032A4E38B4008ADCD4 /* FourDinnerUITests.swift */ = {isa = PBXFileReference; lastKnownFileType = sourcecode.swift; path = FourDinnerUITests.swift; sourceTree = "<group>"; };
		964FA1052A4E38B4008ADCD4 /* FourDinnerUITestsLaunchTests.swift */ = {isa = PBXFileReference; lastKnownFileType = sourcecode.swift; path = FourDinnerUITestsLaunchTests.swift; sourceTree = "<group>"; };
/* End PBXFileReference section */

/* Begin PBXFrameworksBuildPhase section */
		964FA0E22A4E38B3008ADCD4 /* Frameworks */ = {
			isa = PBXFrameworksBuildPhase;
			buildActionMask = 2147483647;
			files = (
			);
			runOnlyForDeploymentPostprocessing = 0;
		};
		964FA0F22A4E38B4008ADCD4 /* Frameworks */ = {
			isa = PBXFrameworksBuildPhase;
			buildActionMask = 2147483647;
			files = (
			);
			runOnlyForDeploymentPostprocessing = 0;
		};
		964FA0FC2A4E38B4008ADCD4 /* Frameworks */ = {
			isa = PBXFrameworksBuildPhase;
			buildActionMask = 2147483647;
			files = (
			);
			runOnlyForDeploymentPostprocessing = 0;
		};
/* End PBXFrameworksBuildPhase section */

/* Begin PBXGroup section */
		964FA0DC2A4E38B3008ADCD4 = {
			isa = PBXGroup;
			children = (
				964FA0E72A4E38B3008ADCD4 /* FourDinner */,
				964FA0F82A4E38B4008ADCD4 /* FourDinnerTests */,
				964FA1022A4E38B4008ADCD4 /* FourDinnerUITests */,
				964FA0E62A4E38B3008ADCD4 /* Products */,
			);
			sourceTree = "<group>";
		};
		964FA0E62A4E38B3008ADCD4 /* Products */ = {
			isa = PBXGroup;
			children = (
				964FA0E52A4E38B3008ADCD4 /* FourDinner.app */,
				964FA0F52A4E38B4008ADCD4 /* FourDinnerTests.xctest */,
				964FA0FF2A4E38B4008ADCD4 /* FourDinnerUITests.xctest */,
			);
			name = Products;
			sourceTree = "<group>";
		};
		964FA0E72A4E38B3008ADCD4 /* FourDinner */ = {
			isa = PBXGroup;
			children = (
				964FA0E82A4E38B3008ADCD4 /* FourDinnerApp.swift */,
				964FA0EA2A4E38B3008ADCD4 /* ContentView.swift */,
				964FA0EC2A4E38B3008ADCD4 /* Assets.xcassets */,
				964FA0EE2A4E38B3008ADCD4 /* Preview Content */,
			);
			path = FourDinner;
			sourceTree = "<group>";
		};
		964FA0EE2A4E38B3008ADCD4 /* Preview Content */ = {
			isa = PBXGroup;
			children = (
				964FA0EF2A4E38B3008ADCD4 /* Preview Assets.xcassets */,
			);
			path = "Preview Content";
			sourceTree = "<group>";
		};
		964FA0F82A4E38B4008ADCD4 /* FourDinnerTests */ = {
			isa = PBXGroup;
			children = (
				964FA0F92A4E38B4008ADCD4 /* FourDinnerTests.swift */,
			);
			path = FourDinnerTests;
			sourceTree = "<group>";
		};
		964FA1022A4E38B4008ADCD4 /* FourDinnerUITests */ = {
			isa = PBXGroup;
			children = (
				964FA1032A4E38B4008ADCD4 /* FourDinnerUITests.swift */,
				964FA1052A4E38B4008ADCD4 /* FourDinnerUITestsLaunchTests.swift */,
			);
			path = FourDinnerUITests;
			sourceTree = "<group>";
		};
/* End PBXGroup section */

/* Begin PBXNativeTarget section */
		964FA0E42A4E38B3008ADCD4 /* FourDinner */ = {
			isa = PBXNativeTarget;
			buildConfigurationList = 964FA1092A4E38B4008ADCD4 /* Build configuration list for PBXNativeTarget "FourDinner" */;
			buildPhases = (
				964FA0E12A4E38B3008ADCD4 /* Sources */,
				964FA0E22A4E38B3008ADCD4 /* Frameworks */,
				964FA0E32A4E38B3008ADCD4 /* Resources */,
			);
			buildRules = (
			);
			dependencies = (
			);
			name = FourDinner;
			productName = FourDinner;
			productReference = 964FA0E52A4E38B3008ADCD4 /* FourDinner.app */;
			productType = "com.apple.product-type.application";
		};
		964FA0F42A4E38B4008ADCD4 /* FourDinnerTests */ = {
			isa = PBXNativeTarget;
			buildConfigurationList = 964FA10C2A4E38B4008ADCD4 /* Build configuration list for PBXNativeTarget "FourDinnerTests" */;
			buildPhases = (
				964FA0F12A4E38B4008ADCD4 /* Sources */,
				964FA0F22A4E38B4008ADCD4 /* Frameworks */,
				964FA0F32A4E38B4008ADCD4 /* Resources */,
			);
			buildRules = (
			);
			dependencies = (
				964FA0F72A4E38B4008ADCD4 /* PBXTargetDependency */,
			);
			name = FourDinnerTests;
			productName = FourDinnerTests;
			productReference = 964FA0F52A4E38B4008ADCD4 /* FourDinnerTests.xctest */;
			productType = "com.apple.product-type.bundle.unit-test";
		};
		964FA0FE2A4E38B4008ADCD4 /* FourDinnerUITests */ = {
			isa = PBXNativeTarget;
			buildConfigurationList = 964FA10F2A4E38B4008ADCD4 /* Build configuration list for PBXNativeTarget "FourDinnerUITests" */;
			buildPhases = (
				964FA0FB2A4E38B4008ADCD4 /* Sources */,
				964FA0FC2A4E38B4008ADCD4 /* Frameworks */,
				964FA0FD2A4E38B4008ADCD4 /* Resources */,
			);
			buildRules = (
			);
			dependencies = (
				964FA1012A4E38B4008ADCD4 /* PBXTargetDependency */,
			);
			name = FourDinnerUITests;
			productName = FourDinnerUITests;
			productReference = 964FA0FF2A4E38B4008ADCD4 /* FourDinnerUITests.xctest */;
			productType = "com.apple.product-type.bundle.ui-testing";
		};
/* End PBXNativeTarget section */

/* Begin PBXProject section */
		964FA0DD2A4E38B3008ADCD4 /* Project object */ = {
			isa = PBXProject;
			attributes = {
				BuildIndependentTargetsInParallel = 1;
				LastSwiftUpdateCheck = 1430;
				LastUpgradeCheck = 1430;
				TargetAttributes = {
					964FA0E42A4E38B3008ADCD4 = {
						CreatedOnToolsVersion = 14.3;
					};
					964FA0F42A4E38B4008ADCD4 = {
						CreatedOnToolsVersion = 14.3;
						TestTargetID = 964FA0E42A4E38B3008ADCD4;
					};
					964FA0FE2A4E38B4008ADCD4 = {
						CreatedOnToolsVersion = 14.3;
						TestTargetID = 964FA0E42A4E38B3008ADCD4;
					};
				};
			};
			buildConfigurationList = 964FA0E02A4E38B3008ADCD4 /* Build configuration list for PBXProject "FourDinner" */;
			compatibilityVersion = "Xcode 14.0";
			developmentRegion = en;
			hasScannedForEncodings = 0;
			knownRegions = (
				en,
				Base,
			);
			mainGroup = 964FA0DC2A4E38B3008ADCD4;
			productRefGroup = 964FA0E62A4E38B3008ADCD4 /* Products */;
			projectDirPath = "";
			projectRoot = "";
			targets = (
				964FA0E42A4E38B3008ADCD4 /* FourDinner */,
				964FA0F42A4E38B4008ADCD4 /* FourDinnerTests */,
				964FA0FE2A4E38B4008ADCD4 /* FourDinnerUITests */,
			);
		};
/* End PBXProject section */

/* Begin PBXResourcesBuildPhase section */
		964FA0E32A4E38B3008ADCD4 /* Resources */ = {
			isa = PBXResourcesBuildPhase;
			buildActionMask = 2147483647;
			files = (
				964FA0F02A4E38B3008ADCD4 /* Preview Assets.xcassets in Resources */,
				964FA0ED2A4E38B3008ADCD4 /* Assets.xcassets in Resources */,
			);
			runOnlyForDeploymentPostprocessing = 0;
		};
		964FA0F32A4E38B4008ADCD4 /* Resources */ = {
			isa = PBXResourcesBuildPhase;
			buildActionMask = 2147483647;
			files = (
			);
			runOnlyForDeploymentPostprocessing = 0;
		};
		964FA0FD2A4E38B4008ADCD4 /* Resources */ = {
			isa = PBXResourcesBuildPhase;
			buildActionMask = 2147483647;
			files = (
			);
			runOnlyForDeploymentPostprocessing = 0;
		};
/* End PBXResourcesBuildPhase section */

/* Begin PBXSourcesBuildPhase section */
		964FA0E12A4E38B3008ADCD4 /* Sources */ = {
			isa = PBXSourcesBuildPhase;
			buildActionMask = 2147483647;
			files = (
				964FA0EB2A4E38B3008ADCD4 /* ContentView.swift in Sources */,
				964FA0E92A4E38B3008ADCD4 /* FourDinnerApp.swift in Sources */,
			);
			runOnlyForDeploymentPostprocessing = 0;
		};
		964FA0F12A4E38B4008ADCD4 /* Sources */ = {
			isa = PBXSourcesBuildPhase;
			buildActionMask = 2147483647;
			files = (
				964FA0FA2A4E38B4008ADCD4 /* FourDinnerTests.swift in Sources */,
			);
			runOnlyForDeploymentPostprocessing = 0;
		};
		964FA0FB2A4E38B4008ADCD4 /* Sources */ = {
			isa = PBXSourcesBuildPhase;
			buildActionMask = 2147483647;
			files = (
				964FA1062A4E38B4008ADCD4 /* FourDinnerUITestsLaunchTests.swift in Sources */,
				964FA1042A4E38B4008ADCD4 /* FourDinnerUITests.swift in Sources */,
			);
			runOnlyForDeploymentPostprocessing = 0;
		};
/* End PBXSourcesBuildPhase section */

/* Begin PBXTargetDependency section */
		964FA0F72A4E38B4008ADCD4 /* PBXTargetDependency */ = {
			isa = PBXTargetDependency;
			target = 964FA0E42A4E38B3008ADCD4 /* FourDinner */;
			targetProxy = 964FA0F62A4E38B4008ADCD4 /* PBXContainerItemProxy */;
		};
		964FA1012A4E38B4008ADCD4 /* PBXTargetDependency */ = {
			isa = PBXTargetDependency;
			target = 964FA0E42A4E38B3008ADCD4 /* FourDinner */;
			targetProxy = 964FA1002A4E38B4008ADCD4 /* PBXContainerItemProxy */;
		};
/* End PBXTargetDependency section */

/* Begin XCBuildConfiguration section */
		964FA1072A4E38B4008ADCD4 /* Debug */ = {
			isa = XCBuildConfiguration;
			buildSettings = {
				ALWAYS_SEARCH_USER_PATHS = NO;
				CLANG_ANALYZER_NONNULL = YES;
				CLANG_ANALYZER_NUMBER_OBJECT_CONVERSION = YES_AGGRESSIVE;
				CLANG_CXX_LANGUAGE_STANDARD = "gnu++20";
				CLANG_ENABLE_MODULES = YES;
				CLANG_ENABLE_OBJC_ARC = YES;
				CLANG_ENABLE_OBJC_WEAK = YES;
				CLANG_WARN_BLOCK_CAPTURE_AUTORELEASING = YES;
				CLANG_WARN_BOOL_CONVERSION = YES;
				CLANG_WARN_COMMA = YES;
				CLANG_WARN_CONSTANT_CONVERSION = YES;
				CLANG_WARN_DEPRECATED_OBJC_IMPLEMENTATIONS = YES;
				CLANG_WARN_DIRECT_OBJC_ISA_USAGE = YES_ERROR;
				CLANG_WARN_DOCUMENTATION_COMMENTS = YES;
				CLANG_WARN_EMPTY_BODY = YES;
				CLANG_WARN_ENUM_CONVERSION = YES;
				CLANG_WARN_INFINITE_RECURSION = YES;
				CLANG_WARN_INT_CONVERSION = YES;
				CLANG_WARN_NON_LITERAL_NULL_CONVERSION = YES;
				CLANG_WARN_OBJC_IMPLICIT_RETAIN_SELF = YES;
				CLANG_WARN_OBJC_LITERAL_CONVERSION = YES;
				CLANG_WARN_OBJC_ROOT_CLASS = YES_ERROR;
				CLANG_WARN_QUOTED_INCLUDE_IN_FRAMEWORK_HEADER = YES;
				CLANG_WARN_RANGE_LOOP_ANALYSIS = YES;
				CLANG_WARN_STRICT_PROTOTYPES = YES;
				CLANG_WARN_SUSPICIOUS_MOVE = YES;
				CLANG_WARN_UNGUARDED_AVAILABILITY = YES_AGGRESSIVE;
				CLANG_WARN_UNREACHABLE_CODE = YES;
				CLANG_WARN__DUPLICATE_METHOD_MATCH = YES;
				COPY_PHASE_STRIP = NO;
				DEBUG_INFORMATION_FORMAT = dwarf;
				ENABLE_STRICT_OBJC_MSGSEND = YES;
				ENABLE_TESTABILITY = YES;
				GCC_C_LANGUAGE_STANDARD = gnu11;
				GCC_DYNAMIC_NO_PIC = NO;
				GCC_NO_COMMON_BLOCKS = YES;
				GCC_OPTIMIZATION_LEVEL = 0;
				GCC_PREPROCESSOR_DEFINITIONS = (
					"DEBUG=1",
					"$(inherited)",
				);
				GCC_WARN_64_TO_32_BIT_CONVERSION = YES;
				GCC_WARN_ABOUT_RETURN_TYPE = YES_ERROR;
				GCC_WARN_UNDECLARED_SELECTOR = YES;
				GCC_WARN_UNINITIALIZED_AUTOS = YES_AGGRESSIVE;
				GCC_WARN_UNUSED_FUNCTION = YES;
				GCC_WARN_UNUSED_VARIABLE = YES;
				IPHONEOS_DEPLOYMENT_TARGET = 16.4;
				MTL_ENABLE_DEBUG_INFO = INCLUDE_SOURCE;
				MTL_FAST_MATH = YES;
				ONLY_ACTIVE_ARCH = YES;
				SDKROOT = iphoneos;
				SWIFT_ACTIVE_COMPILATION_CONDITIONS = DEBUG;
				SWIFT_OPTIMIZATION_LEVEL = "-Onone";
			};
			name = Debug;
		};
		964FA1082A4E38B4008ADCD4 /* Release */ = {
			isa = XCBuildConfiguration;
			buildSettings = {
				ALWAYS_SEARCH_USER_PATHS = NO;
				CLANG_ANALYZER_NONNULL = YES;
				CLANG_ANALYZER_NUMBER_OBJECT_CONVERSION = YES_AGGRESSIVE;
				CLANG_CXX_LANGUAGE_STANDARD = "gnu++20";
				CLANG_ENABLE_MODULES = YES;
				CLANG_ENABLE_OBJC_ARC = YES;
				CLANG_ENABLE_OBJC_WEAK = YES;
				CLANG_WARN_BLOCK_CAPTURE_AUTORELEASING = YES;
				CLANG_WARN_BOOL_CONVERSION = YES;
				CLANG_WARN_COMMA = YES;
				CLANG_WARN_CONSTANT_CONVERSION = YES;
				CLANG_WARN_DEPRECATED_OBJC_IMPLEMENTATIONS = YES;
				CLANG_WARN_DIRECT_OBJC_ISA_USAGE = YES_ERROR;
				CLANG_WARN_DOCUMENTATION_COMMENTS = YES;
				CLANG_WARN_EMPTY_BODY = YES;
				CLANG_WARN_ENUM_CONVERSION = YES;
				CLANG_WARN_INFINITE_RECURSION = YES;
				CLANG_WARN_INT_CONVERSION = YES;
				CLANG_WARN_NON_LITERAL_NULL_CONVERSION = YES;
				CLANG_WARN_OBJC_IMPLICIT_RETAIN_SELF = YES;
				CLANG_WARN_OBJC_LITERAL_CONVERSION = YES;
				CLANG_WARN_OBJC_ROOT_CLASS = YES_ERROR;
				CLANG_WARN_QUOTED_INCLUDE_IN_FRAMEWORK_HEADER = YES;
				CLANG_WARN_RANGE_LOOP_ANALYSIS = YES;
				CLANG_WARN_STRICT_PROTOTYPES = YES;
				CLANG_WARN_SUSPICIOUS_MOVE = YES;
				CLANG_WARN_UNGUARDED_AVAILABILITY = YES_AGGRESSIVE;
				CLANG_WARN_UNREACHABLE_CODE = YES;
				CLANG_WARN__DUPLICATE_METHOD_MATCH = YES;
				COPY_PHASE_STRIP = NO;
				DEBUG_INFORMATION_FORMAT = "dwarf-with-dsym";
				ENABLE_NS_ASSERTIONS = NO;
				ENABLE_STRICT_OBJC_MSGSEND = YES;
				GCC_C_LANGUAGE_STANDARD = gnu11;
				GCC_NO_COMMON_BLOCKS = YES;
				GCC_WARN_64_TO_32_BIT_CONVERSION = YES;
				GCC_WARN_ABOUT_RETURN_TYPE = YES_ERROR;
				GCC_WARN_UNDECLARED_SELECTOR = YES;
				GCC_WARN_UNINITIALIZED_AUTOS = YES_AGGRESSIVE;
				GCC_WARN_UNUSED_FUNCTION = YES;
				GCC_WARN_UNUSED_VARIABLE = YES;
				IPHONEOS_DEPLOYMENT_TARGET = 16.4;
				MTL_ENABLE_DEBUG_INFO = NO;
				MTL_FAST_MATH = YES;
				SDKROOT = iphoneos;
				SWIFT_COMPILATION_MODE = wholemodule;
				SWIFT_OPTIMIZATION_LEVEL = "-O";
				VALIDATE_PRODUCT = YES;
			};
			name = Release;
		};
		964FA10A2A4E38B4008ADCD4 /* Debug */ = {
			isa = XCBuildConfiguration;
			buildSettings = {
				ASSETCATALOG_COMPILER_APPICON_NAME = AppIcon;
				ASSETCATALOG_COMPILER_GLOBAL_ACCENT_COLOR_NAME = AccentColor;
				CODE_SIGN_STYLE = Automatic;
				CURRENT_PROJECT_VERSION = 1;
				DEVELOPMENT_ASSET_PATHS = "\"FourDinner/Preview Content\"";
				ENABLE_PREVIEWS = YES;
				GENERATE_INFOPLIST_FILE = YES;
				INFOPLIST_KEY_UIApplicationSceneManifest_Generation = YES;
				INFOPLIST_KEY_UIApplicationSupportsIndirectInputEvents = YES;
				INFOPLIST_KEY_UILaunchScreen_Generation = YES;
				INFOPLIST_KEY_UISupportedInterfaceOrientations_iPad = "UIInterfaceOrientationPortrait UIInterfaceOrientationPortraitUpsideDown UIInterfaceOrientationLandscapeLeft UIInterfaceOrientationLandscapeRight";
				INFOPLIST_KEY_UISupportedInterfaceOrientations_iPhone = "UIInterfaceOrientationPortrait UIInterfaceOrientationLandscapeLeft UIInterfaceOrientationLandscapeRight";
				LD_RUNPATH_SEARCH_PATHS = (
					"$(inherited)",
					"@executable_path/Frameworks",
				);
				MARKETING_VERSION = 1.0;
				PRODUCT_BUNDLE_IDENTIFIER = come.onlineolive.FourDinner;
				PRODUCT_NAME = "$(TARGET_NAME)";
				SWIFT_EMIT_LOC_STRINGS = YES;
				SWIFT_VERSION = 5.0;
				TARGETED_DEVICE_FAMILY = "1,2";
			};
			name = Debug;
		};
		964FA10B2A4E38B4008ADCD4 /* Release */ = {
			isa = XCBuildConfiguration;
			buildSettings = {
				ASSETCATALOG_COMPILER_APPICON_NAME = AppIcon;
				ASSETCATALOG_COMPILER_GLOBAL_ACCENT_COLOR_NAME = AccentColor;
				CODE_SIGN_STYLE = Automatic;
				CURRENT_PROJECT_VERSION = 1;
				DEVELOPMENT_ASSET_PATHS = "\"FourDinner/Preview Content\"";
				ENABLE_PREVIEWS = YES;
				GENERATE_INFOPLIST_FILE = YES;
				INFOPLIST_KEY_UIApplicationSceneManifest_Generation = YES;
				INFOPLIST_KEY_UIApplicationSupportsIndirectInputEvents = YES;
				INFOPLIST_KEY_UILaunchScreen_Generation = YES;
				INFOPLIST_KEY_UISupportedInterfaceOrientations_iPad = "UIInterfaceOrientationPortrait UIInterfaceOrientationPortraitUpsideDown UIInterfaceOrientationLandscapeLeft UIInterfaceOrientationLandscapeRight";
				INFOPLIST_KEY_UISupportedInterfaceOrientations_iPhone = "UIInterfaceOrientationPortrait UIInterfaceOrientationLandscapeLeft UIInterfaceOrientationLandscapeRight";
				LD_RUNPATH_SEARCH_PATHS = (
					"$(inherited)",
					"@executable_path/Frameworks",
				);
				MARKETING_VERSION = 1.0;
				PRODUCT_BUNDLE_IDENTIFIER = come.onlineolive.FourDinner;
				PRODUCT_NAME = "$(TARGET_NAME)";
				SWIFT_EMIT_LOC_STRINGS = YES;
				SWIFT_VERSION = 5.0;
				TARGETED_DEVICE_FAMILY = "1,2";
			};
			name = Release;
		};
		964FA10D2A4E38B4008ADCD4 /* Debug */ = {
			isa = XCBuildConfiguration;
			buildSettings = {
				ALWAYS_EMBED_SWIFT_STANDARD_LIBRARIES = YES;
				BUNDLE_LOADER = "$(TEST_HOST)";
				CODE_SIGN_STYLE = Automatic;
				CURRENT_PROJECT_VERSION = 1;
				GENERATE_INFOPLIST_FILE = YES;
				IPHONEOS_DEPLOYMENT_TARGET = 16.4;
				MARKETING_VERSION = 1.0;
				PRODUCT_BUNDLE_IDENTIFIER = come.onlineolive.FourDinnerTests;
				PRODUCT_NAME = "$(TARGET_NAME)";
				SWIFT_EMIT_LOC_STRINGS = NO;
				SWIFT_VERSION = 5.0;
				TARGETED_DEVICE_FAMILY = "1,2";
				TEST_HOST = "$(BUILT_PRODUCTS_DIR)/FourDinner.app/$(BUNDLE_EXECUTABLE_FOLDER_PATH)/FourDinner";
			};
			name = Debug;
		};
		964FA10E2A4E38B4008ADCD4 /* Release */ = {
			isa = XCBuildConfiguration;
			buildSettings = {
				ALWAYS_EMBED_SWIFT_STANDARD_LIBRARIES = YES;
				BUNDLE_LOADER = "$(TEST_HOST)";
				CODE_SIGN_STYLE = Automatic;
				CURRENT_PROJECT_VERSION = 1;
				GENERATE_INFOPLIST_FILE = YES;
				IPHONEOS_DEPLOYMENT_TARGET = 16.4;
				MARKETING_VERSION = 1.0;
				PRODUCT_BUNDLE_IDENTIFIER = come.onlineolive.FourDinnerTests;
				PRODUCT_NAME = "$(TARGET_NAME)";
				SWIFT_EMIT_LOC_STRINGS = NO;
				SWIFT_VERSION = 5.0;
				TARGETED_DEVICE_FAMILY = "1,2";
				TEST_HOST = "$(BUILT_PRODUCTS_DIR)/FourDinner.app/$(BUNDLE_EXECUTABLE_FOLDER_PATH)/FourDinner";
			};
			name = Release;
		};
		964FA1102A4E38B4008ADCD4 /* Debug */ = {
			isa = XCBuildConfiguration;
			buildSettings = {
				ALWAYS_EMBED_SWIFT_STANDARD_LIBRARIES = YES;
				CODE_SIGN_STYLE = Automatic;
				CURRENT_PROJECT_VERSION = 1;
				GENERATE_INFOPLIST_FILE = YES;
				MARKETING_VERSION = 1.0;
				PRODUCT_BUNDLE_IDENTIFIER = come.onlineolive.FourDinnerUITests;
				PRODUCT_NAME = "$(TARGET_NAME)";
				SWIFT_EMIT_LOC_STRINGS = NO;
				SWIFT_VERSION = 5.0;
				TARGETED_DEVICE_FAMILY = "1,2";
				TEST_TARGET_NAME = FourDinner;
			};
			name = Debug;
		};
		964FA1112A4E38B4008ADCD4 /* Release */ = {
			isa = XCBuildConfiguration;
			buildSettings = {
				ALWAYS_EMBED_SWIFT_STANDARD_LIBRARIES = YES;
				CODE_SIGN_STYLE = Automatic;
				CURRENT_PROJECT_VERSION = 1;
				GENERATE_INFOPLIST_FILE = YES;
				MARKETING_VERSION = 1.0;
				PRODUCT_BUNDLE_IDENTIFIER = come.onlineolive.FourDinnerUITests;
				PRODUCT_NAME = "$(TARGET_NAME)";
				SWIFT_EMIT_LOC_STRINGS = NO;
				SWIFT_VERSION = 5.0;
				TARGETED_DEVICE_FAMILY = "1,2";
				TEST_TARGET_NAME = FourDinner;
			};
			name = Release;
		};
/* End XCBuildConfiguration section */

/* Begin XCConfigurationList section */
		964FA0E02A4E38B3008ADCD4 /* Build configuration list for PBXProject "FourDinner" */ = {
			isa = XCConfigurationList;
			buildConfigurations = (
				964FA1072A4E38B4008ADCD4 /* Debug */,
				964FA1082A4E38B4008ADCD4 /* Release */,
			);
			defaultConfigurationIsVisible = 0;
			defaultConfigurationName = Release;
		};
		964FA1092A4E38B4008ADCD4 /* Build configuration list for PBXNativeTarget "FourDinner" */ = {
			isa = XCConfigurationList;
			buildConfigurations = (
				964FA10A2A4E38B4008ADCD4 /* Debug */,
				964FA10B2A4E38B4008ADCD4 /* Release */,
			);
			defaultConfigurationIsVisible = 0;
			defaultConfigurationName = Release;
		};
		964FA10C2A4E38B4008ADCD4 /* Build configuration list for PBXNativeTarget "FourDinnerTests" */ = {
			isa = XCConfigurationList;
			buildConfigurations = (
				964FA10D2A4E38B4008ADCD4 /* Debug */,
				964FA10E2A4E38B4008ADCD4 /* Release */,
			);
			defaultConfigurationIsVisible = 0;
			defaultConfigurationName = Release;
		};
		964FA10F2A4E38B4008ADCD4 /* Build configuration list for PBXNativeTarget "FourDinnerUITests" */ = {
			isa = XCConfigurationList;
			buildConfigurations = (
				964FA1102A4E38B4008ADCD4 /* Debug */,
				964FA1112A4E38B4008ADCD4 /* Release */,
			);
			defaultConfigurationIsVisible = 0;
			defaultConfigurationName = Release;
		};
/* End XCConfigurationList section */
	};
	rootObject = 964FA0DD2A4E38B3008ADCD4 /* Project object */;
}
